{
  "version": 4,
  "terraform_version": "1.14.9",
  "serial": 1,
  "lineage": "8eefc0c3-093e-e806-b8d9-3650829f0de2",
  "outputs": {},
  "resources": [
    {
      "mode": "managed",
      "type": "local_file",
      "name": "my_file",
      "provider": "provider[\"registry.terraform.io/hashicorp/local\"]",
      "instances": [
        {
          "schema_version": 0,
          "attributes": {
            "content": "Hello. Terraform!",
            "content_base64": null,
            "content_base64sha256": "h7jTpeS1zXa4H5w0q95p7e+Pvwg3cCPA+Llw2a/7I+M=",
            "content_base64sha512": "K/O8g4wT/Bym5WpBBZ399HCeymI0U5fdgFr0ekm79Jr2fdcxsvi5HIFy8uyiILu6e7ExpVfY1dTi6o7G0T+D0w==",
            "content_md5": "c7beb07bef9b0a5604bde71c44ea1fcb",
            "content_sha1": "9e4099b28d5c439445f21bbfa6ebfb9813ef8222",
            "content_sha256": "87b8d3a5e4b5cd76b81f9c34abde69edef8fbf08377023c0f8b970d9affb23e3",
            "content_sha512": "2bf3bc838c13fc1ca6e56a41059dfdf4709eca62345397dd805af47a49bbf49af67dd731b2f8b91c8172f2eca220bbba7bb131a557d8d5d4e2ea8ec6d13f83d3",
            "directory_permission": "0777",
            "file_permission": "0777",
            "filename": "hello.txt",
            "id": "9e4099b28d5c439445f21bbfa6ebfb9813ef8222",
            "sensitive_content": null,
            "source": null
          },
          "sensitive_attributes": [
            [
              {
                "type": "get_attr",
                "value": "sensitive_content"
              }
            ]
          ],
          "identity_schema_version": 0
        }
      ]
    }
  ],
  "check_results": null
}
